
Microsoft Visual Studio Solution File, Format Version 12.00
# Visual Studio 15
VisualStudioVersion = 15.0.28307.1231
MinimumVisualStudioVersion = 10.0.40219.1
Project("{FAE04EC0-301F-11D3-BF4B-00C04F79EFBC}") = "TestADO", "TestADO\TestADO.csproj", "{B6A09C0A-CA2B-4D30-98F3-5684F81178AD}"
EndProject
Global
	GlobalSection(SolutionConfigurationPlatforms) = preSolution
		Debug|Any CPU = Debug|Any CPU
		Release|Any CPU = Release|Any CPU
	EndGlobalSection
	GlobalSection(ProjectConfigurationPlatforms) = postSolution
		{B6A09C0A-CA2B-4D30-98F3-5684F81178AD}.Debug|Any CPU.ActiveCfg = Debug|Any CPU
		{B6A09C0A-CA2B-4D30-98F3-5684F81178AD}.Debug|Any CPU.Build.0 = Debug|Any CPU
		{B6A09C0A-CA2B-4D30-98F3-5684F81178AD}.Release|Any CPU.ActiveCfg = Release|Any CPU
		{B6A09C0A-CA2B-4D30-98F3-5684F81178AD}.Release|Any CPU.Build.0 = Release|Any CPU
	EndGlobalSection
	GlobalSection(SolutionProperties) = preSolution
		HideSolutionNode = FALSE
	EndGlobalSection
	GlobalSection(ExtensibilityGlobals) = postSolution
		SolutionGuid = {57C6F458-B1D3-4379-A006-338D8BE698E1}
	EndGlobalSection
EndGlobal
