
Microsoft Visual Studio Solution File, Format Version 12.00
# Visual Studio 15
VisualStudioVersion = 15.0.28307.1231
MinimumVisualStudioVersion = 10.0.40219.1
Project("{FAE04EC0-301F-11D3-BF4B-00C04F79EFBC}") = "TestOverride", "TestOverride\TestOverride.csproj", "{12708A1A-4719-4523-8D88-EED37CF34BE1}"
EndProject
Global
	GlobalSection(SolutionConfigurationPlatforms) = preSolution
		Debug|Any CPU = Debug|Any CPU
		Release|Any CPU = Release|Any CPU
	EndGlobalSection
	GlobalSection(ProjectConfigurationPlatforms) = postSolution
		{12708A1A-4719-4523-8D88-EED37CF34BE1}.Debug|Any CPU.ActiveCfg = Debug|Any CPU
		{12708A1A-4719-4523-8D88-EED37CF34BE1}.Debug|Any CPU.Build.0 = Debug|Any CPU
		{12708A1A-4719-4523-8D88-EED37CF34BE1}.Release|Any CPU.ActiveCfg = Release|Any CPU
		{12708A1A-4719-4523-8D88-EED37CF34BE1}.Release|Any CPU.Build.0 = Release|Any CPU
	EndGlobalSection
	GlobalSection(SolutionProperties) = preSolution
		HideSolutionNode = FALSE
	EndGlobalSection
	GlobalSection(ExtensibilityGlobals) = postSolution
		SolutionGuid = {518E37B4-59B2-493C-8158-BF51E843FE52}
	EndGlobalSection
EndGlobal
